uuid: 75488f91-866e-4abb-9803-4de25e3997c7
langcode: en
status: true
dependencies:
  module:
    - block_content
    - paragraphs
id: paragraph.field_related_block
field_name: field_related_block
entity_type: paragraph
type: entity_reference
settings:
  target_type: block_content
module: core
locked: false
cardinality: 1
translatable: true
indexes: {  }
persist_with_no_fields: false
custom_storage: false
