uuid: 28a87d87-dc1c-4d96-8a34-730a39e35314
langcode: en
status: true
dependencies:
  config:
    - paragraphs.paragraphs_type.information_block
  module:
    - content_translation
third_party_settings:
  content_translation:
    enabled: true
    bundle_settings:
      untranslatable_fields_hide: '0'
id: paragraph.information_block
target_entity_type_id: paragraph
target_bundle: information_block
default_langcode: site_default
language_alterable: true
